{"1.1.0",
[{<<"backoff">>,{pkg,<<"backoff">>,<<"1.1.6">>},0},
 {<<"certifi">>,{pkg,<<"certifi">>,<<"2.3.1">>},1},
 {<<"eiconv">>,{pkg,<<"eiconv">>,<<"1.0.0-alpha1">>},0},
 {<<"gen_smtp">>,
  {git,"git://github.com/YtoTech/gen_smtp.git",
       {ref,"a0df320c05a34a8396198f2f9847e191c0b8ef7a"}},
  0},
 {<<"goldrush">>,{pkg,<<"goldrush">>,<<"0.1.9">>},1},
 {<<"hackney">>,{pkg,<<"hackney">>,<<"1.13.0">>},0},
 {<<"idna">>,{pkg,<<"idna">>,<<"5.1.2">>},1},
 {<<"iso8601">>,{pkg,<<"iso8601">>,<<"1.3.1">>},0},
 {<<"jsone">>,{pkg,<<"jsone">>,<<"1.4.7">>},0},
 {<<"lager">>,{pkg,<<"lager">>,<<"3.6.4">>},0},
 {<<"metrics">>,{pkg,<<"metrics">>,<<"1.0.1">>},1},
 {<<"mimerl">>,{pkg,<<"mimerl">>,<<"1.0.2">>},1},
 {<<"nested">>,{pkg,<<"nested">>,<<"0.1.2">>},0},
 {<<"parse_trans">>,{pkg,<<"parse_trans">>,<<"3.2.0">>},2},
 {<<"ssl_verify_fun">>,{pkg,<<"ssl_verify_fun">>,<<"1.1.1">>},1},
 {<<"unicode_util_compat">>,{pkg,<<"unicode_util_compat">>,<<"0.3.1">>},2}]}.
[
{pkg_hash,[
 {<<"backoff">>, <<"83B72ED2108BA1EE8F7D1C22E0B4A00CFE3593A67DBC792799E8CCE9F42F796B">>},
 {<<"certifi">>, <<"D0F424232390BF47D82DA8478022301C561CF6445B5B5FB6A84D49A9E76D2639">>},
 {<<"eiconv">>, <<"547DA4B8ABB5C85EE8E47D7B9EBFCA77016B03F2869DEDC91A0F0177AB67EBC4">>},
 {<<"goldrush">>, <<"F06E5D5F1277DA5C413E84D5A2924174182FB108DABB39D5EC548B27424CD106">>},
 {<<"hackney">>, <<"24EDC8CD2B28E1C652593833862435C80661834F6C9344E84B6A2255E7AEEF03">>},
 {<<"idna">>, <<"E21CB58A09F0228A9E0B95EAA1217F1BCFC31A1AAA6E1FDF2F53A33F7DBD9494">>},
 {<<"iso8601">>, <<"D1CEE73F56D71C35590C6B2DB2074873BF410BABAAB768F6EA566366D8CA4810">>},
 {<<"jsone">>, <<"A970C23D9700AE7842B526C57677E6E3F10894B429524696EAD547E9302391C0">>},
 {<<"lager">>, <<"CED6E98070FB4E58EE93174D006D46479C79844DF7FC17FA4FEFC1049A320D88">>},
 {<<"metrics">>, <<"25F094DEA2CDA98213CECC3AEFF09E940299D950904393B2A29D191C346A8486">>},
 {<<"mimerl">>, <<"993F9B0E084083405ED8252B99460C4F0563E41729AB42D9074FD5E52439BE88">>},
 {<<"nested">>, <<"D411ABF7FDB6D6BCAC4A0E0769705649870E1046A98899001C282351E57C038D">>},
 {<<"parse_trans">>, <<"2ADFA4DAF80C14DC36F522CF190EB5C4EE3E28008FC6394397C16F62A26258C2">>},
 {<<"ssl_verify_fun">>, <<"28A4D65B7F59893BC2C7DE786DEC1E1555BD742D336043FE644AE956C3497FBE">>},
 {<<"unicode_util_compat">>, <<"A1F612A7B512638634A603C8F401892AFBF99B8CE93A45041F8AACA99CADB85E">>}]}
].
